// !$*UTF8*$!
{
	archiveVersion = 1;
	classes = {
	};
	objectVersion = 50;
	objects = {

/* Begin PBXBuildFile section */
		39F7DC64E1CC9C99F71469BD /* libPods-TvMaze.a in Frameworks */ = {isa = PBXBuildFile; fileRef = D99DDD3E23219C9B005F049D /* libPods-TvMaze.a */; };
		43B76D65E54889AA17172762 /* libPods-TvMazeTests.a in Frameworks */ = {isa = PBXBuildFile; fileRef = F21481784AB759F6A05030E0 /* libPods-TvMazeTests.a */; };
		D99DDCF3232136C1005F049D /* Constants.swift in Sources */ = {isa = PBXBuildFile; fileRef = D99DDCF2232136C1005F049D /* Constants.swift */; };
		D99DDD1723214985005F049D /* ShowLIstPresenter.swift in Sources */ = {isa = PBXBuildFile; fileRef = D99DDD0D23214985005F049D /* ShowLIstPresenter.swift */; };
		D99DDD1823214985005F049D /* ShowLIstView.xib in Resources */ = {isa = PBXBuildFile; fileRef = D99DDD0F23214985005F049D /* ShowLIstView.xib */; };
		D99DDD1923214985005F049D /* ShowLIstView.swift in Sources */ = {isa = PBXBuildFile; fileRef = D99DDD1023214985005F049D /* ShowLIstView.swift */; };
		D99DDD1A23214985005F049D /* ShowLIstProtocols.swift in Sources */ = {isa = PBXBuildFile; fileRef = D99DDD1123214985005F049D /* ShowLIstProtocols.swift */; };
		D99DDD1B23214985005F049D /* ShowLIstModule.swift in Sources */ = {isa = PBXBuildFile; fileRef = D99DDD1223214985005F049D /* ShowLIstModule.swift */; };
		D99DDD1C23214985005F049D /* ShowLIstInteractor.swift in Sources */ = {isa = PBXBuildFile; fileRef = D99DDD1423214985005F049D /* ShowLIstInteractor.swift */; };
		D99DDD1D23214985005F049D /* ShowLIstRouter.swift in Sources */ = {isa = PBXBuildFile; fileRef = D99DDD1623214985005F049D /* ShowLIstRouter.swift */; };
		D99DDD2F23217ABF005F049D /* ShowCell.swift in Sources */ = {isa = PBXBuildFile; fileRef = D99DDD2D23217ABF005F049D /* ShowCell.swift */; };
		D99DDD3023217ABF005F049D /* ShowCell.xib in Resources */ = {isa = PBXBuildFile; fileRef = D99DDD2E23217ABF005F049D /* ShowCell.xib */; };
		D99DDD33232189EF005F049D /* UITableView.swift in Sources */ = {isa = PBXBuildFile; fileRef = D99DDD32232189EF005F049D /* UITableView.swift */; };
		D99DDD3523218A61005F049D /* UITableViewCell.swift in Sources */ = {isa = PBXBuildFile; fileRef = D99DDD3423218A61005F049D /* UITableViewCell.swift */; };
		D99DDD3723218E83005F049D /* ShowPresentable.swift in Sources */ = {isa = PBXBuildFile; fileRef = D99DDD3623218E83005F049D /* ShowPresentable.swift */; };
		D99DDD3D2321991E005F049D /* ShowListTest.swift in Sources */ = {isa = PBXBuildFile; fileRef = D99DDD3C2321991E005F049D /* ShowListTest.swift */; };
		D99DDD652321A28D005F049D /* ShowDetailPresenter.swift in Sources */ = {isa = PBXBuildFile; fileRef = D99DDD5B2321A28D005F049D /* ShowDetailPresenter.swift */; };
		D99DDD662321A28D005F049D /* ShowDetailProtocols.swift in Sources */ = {isa = PBXBuildFile; fileRef = D99DDD5C2321A28D005F049D /* ShowDetailProtocols.swift */; };
		D99DDD672321A28D005F049D /* ShowDetailView.xib in Resources */ = {isa = PBXBuildFile; fileRef = D99DDD5E2321A28D005F049D /* ShowDetailView.xib */; };
		D99DDD682321A28D005F049D /* ShowDetailView.swift in Sources */ = {isa = PBXBuildFile; fileRef = D99DDD5F2321A28D005F049D /* ShowDetailView.swift */; };
		D99DDD692321A28D005F049D /* ShowDetailModule.swift in Sources */ = {isa = PBXBuildFile; fileRef = D99DDD602321A28D005F049D /* ShowDetailModule.swift */; };
		D99DDD6A2321A28D005F049D /* ShowDetailInteractor.swift in Sources */ = {isa = PBXBuildFile; fileRef = D99DDD622321A28D005F049D /* ShowDetailInteractor.swift */; };
		D99DDD6B2321A28D005F049D /* ShowDetailRouter.swift in Sources */ = {isa = PBXBuildFile; fileRef = D99DDD642321A28D005F049D /* ShowDetailRouter.swift */; };
		D99DDD6D2321A809005F049D /* ShowDetailPresentable.swift in Sources */ = {isa = PBXBuildFile; fileRef = D99DDD6C2321A809005F049D /* ShowDetailPresentable.swift */; };
		D9B6A19823228C2600C24FFA /* Storyboard.storyboard in Resources */ = {isa = PBXBuildFile; fileRef = D9B6A19723228C2600C24FFA /* Storyboard.storyboard */; };
		D9B6A19A23229B1A00C24FFA /* Episode.swift in Sources */ = {isa = PBXBuildFile; fileRef = D9B6A19923229B1A00C24FFA /* Episode.swift */; };
		D9B6A1A12322A1AC00C24FFA /* EpisodePresentable.swift in Sources */ = {isa = PBXBuildFile; fileRef = D9B6A1A02322A1AC00C24FFA /* EpisodePresentable.swift */; };
		D9B6A1A92322A35100C24FFA /* EpisodeCell.swift in Sources */ = {isa = PBXBuildFile; fileRef = D9B6A1A72322A35100C24FFA /* EpisodeCell.swift */; };
		D9B6A1AA2322A35100C24FFA /* EpisodeCell.xib in Resources */ = {isa = PBXBuildFile; fileRef = D9B6A1A82322A35100C24FFA /* EpisodeCell.xib */; };
		D9B6A1AD2322BA8700C24FFA /* ShowDetailRepository.swift in Sources */ = {isa = PBXBuildFile; fileRef = D9B6A1AC2322BA8700C24FFA /* ShowDetailRepository.swift */; };
		D9B6A1B12322CF5E00C24FFA /* ShowsRouter.swift in Sources */ = {isa = PBXBuildFile; fileRef = D9B6A1B02322CF5E00C24FFA /* ShowsRouter.swift */; };
		D9D7DBAB2326A8C800837B2D /* APIConfiguration.swift in Sources */ = {isa = PBXBuildFile; fileRef = D9D7DBAA2326A8C800837B2D /* APIConfiguration.swift */; };
		D9D7DBAD2326A95100837B2D /* EpisodesRouter.swift in Sources */ = {isa = PBXBuildFile; fileRef = D9D7DBAC2326A95100837B2D /* EpisodesRouter.swift */; };
		D9DCB072231FFA2B00724331 /* AppDelegate.swift in Sources */ = {isa = PBXBuildFile; fileRef = D9DCB071231FFA2B00724331 /* AppDelegate.swift */; };
		D9DCB079231FFA2C00724331 /* Assets.xcassets in Resources */ = {isa = PBXBuildFile; fileRef = D9DCB078231FFA2C00724331 /* Assets.xcassets */; };
		D9DCB07C231FFA2C00724331 /* LaunchScreen.storyboard in Resources */ = {isa = PBXBuildFile; fileRef = D9DCB07A231FFA2C00724331 /* LaunchScreen.storyboard */; };
		D9DCB0842320027900724331 /* ShowsRepository.swift in Sources */ = {isa = PBXBuildFile; fileRef = D9DCB0832320027900724331 /* ShowsRepository.swift */; };
		D9DCB0862320039D00724331 /* APIManager.swift in Sources */ = {isa = PBXBuildFile; fileRef = D9DCB0852320039D00724331 /* APIManager.swift */; };
		D9DCB088232015D900724331 /* Show.swift in Sources */ = {isa = PBXBuildFile; fileRef = D9DCB087232015D900724331 /* Show.swift */; };
		D9DCB08A23202D4C00724331 /* ViewController.swift in Sources */ = {isa = PBXBuildFile; fileRef = D9DCB08923202D4C00724331 /* ViewController.swift */; };
/* End PBXBuildFile section */

/* Begin PBXContainerItemProxy section */
		D99DDD27232156AB005F049D /* PBXContainerItemProxy */ = {
			isa = PBXContainerItemProxy;
			containerPortal = D9DCB066231FFA2B00724331 /* Project object */;
			proxyType = 1;
			remoteGlobalIDString = D9DCB06D231FFA2B00724331;
			remoteInfo = TvMaze;
		};
/* End PBXContainerItemProxy section */

/* Begin PBXFileReference section */
		05AEF95F30154FD16CFECC8E /* Pods-TvMaze.release.xcconfig */ = {isa = PBXFileReference; includeInIndex = 1; lastKnownFileType = text.xcconfig; name = "Pods-TvMaze.release.xcconfig"; path = "Target Support Files/Pods-TvMaze/Pods-TvMaze.release.xcconfig"; sourceTree = "<group>"; };
		39A77E6C40431FED63343F37 /* Pods-TvMaze.debug.xcconfig */ = {isa = PBXFileReference; includeInIndex = 1; lastKnownFileType = text.xcconfig; name = "Pods-TvMaze.debug.xcconfig"; path = "Target Support Files/Pods-TvMaze/Pods-TvMaze.debug.xcconfig"; sourceTree = "<group>"; };
		A23C1B6FD38A3A1A355D2750 /* Pods-TvMazeTests.release.xcconfig */ = {isa = PBXFileReference; includeInIndex = 1; lastKnownFileType = text.xcconfig; name = "Pods-TvMazeTests.release.xcconfig"; path = "Target Support Files/Pods-TvMazeTests/Pods-TvMazeTests.release.xcconfig"; sourceTree = "<group>"; };
		D99DDCF2232136C1005F049D /* Constants.swift */ = {isa = PBXFileReference; lastKnownFileType = sourcecode.swift; path = Constants.swift; sourceTree = "<group>"; };
		D99DDD0D23214985005F049D /* ShowLIstPresenter.swift */ = {isa = PBXFileReference; fileEncoding = 4; lastKnownFileType = sourcecode.swift; path = ShowLIstPresenter.swift; sourceTree = "<group>"; };
		D99DDD0F23214985005F049D /* ShowLIstView.xib */ = {isa = PBXFileReference; fileEncoding = 4; lastKnownFileType = file.xib; path = ShowLIstView.xib; sourceTree = "<group>"; };
		D99DDD1023214985005F049D /* ShowLIstView.swift */ = {isa = PBXFileReference; fileEncoding = 4; lastKnownFileType = sourcecode.swift; path = ShowLIstView.swift; sourceTree = "<group>"; };
		D99DDD1123214985005F049D /* ShowLIstProtocols.swift */ = {isa = PBXFileReference; fileEncoding = 4; lastKnownFileType = sourcecode.swift; path = ShowLIstProtocols.swift; sourceTree = "<group>"; };
		D99DDD1223214985005F049D /* ShowLIstModule.swift */ = {isa = PBXFileReference; fileEncoding = 4; lastKnownFileType = sourcecode.swift; path = ShowLIstModule.swift; sourceTree = "<group>"; };
		D99DDD1423214985005F049D /* ShowLIstInteractor.swift */ = {isa = PBXFileReference; fileEncoding = 4; lastKnownFileType = sourcecode.swift; path = ShowLIstInteractor.swift; sourceTree = "<group>"; };
		D99DDD1623214985005F049D /* ShowLIstRouter.swift */ = {isa = PBXFileReference; fileEncoding = 4; lastKnownFileType = sourcecode.swift; path = ShowLIstRouter.swift; sourceTree = "<group>"; };
		D99DDD22232156AB005F049D /* TvMazeTests.xctest */ = {isa = PBXFileReference; explicitFileType = wrapper.cfbundle; includeInIndex = 0; path = TvMazeTests.xctest; sourceTree = BUILT_PRODUCTS_DIR; };
		D99DDD26232156AB005F049D /* Info.plist */ = {isa = PBXFileReference; lastKnownFileType = text.plist.xml; path = Info.plist; sourceTree = "<group>"; };
		D99DDD2D23217ABF005F049D /* ShowCell.swift */ = {isa = PBXFileReference; lastKnownFileType = sourcecode.swift; path = ShowCell.swift; sourceTree = "<group>"; };
		D99DDD2E23217ABF005F049D /* ShowCell.xib */ = {isa = PBXFileReference; lastKnownFileType = file.xib; path = ShowCell.xib; sourceTree = "<group>"; };
		D99DDD32232189EF005F049D /* UITableView.swift */ = {isa = PBXFileReference; lastKnownFileType = sourcecode.swift; path = UITableView.swift; sourceTree = "<group>"; };
		D99DDD3423218A61005F049D /* UITableViewCell.swift */ = {isa = PBXFileReference; lastKnownFileType = sourcecode.swift; path = UITableViewCell.swift; sourceTree = "<group>"; };
		D99DDD3623218E83005F049D /* ShowPresentable.swift */ = {isa = PBXFileReference; lastKnownFileType = sourcecode.swift; path = ShowPresentable.swift; sourceTree = "<group>"; };
		D99DDD3C2321991E005F049D /* ShowListTest.swift */ = {isa = PBXFileReference; fileEncoding = 4; lastKnownFileType = sourcecode.swift; path = ShowListTest.swift; sourceTree = "<group>"; };
		D99DDD3E23219C9B005F049D /* libPods-TvMaze.a */ = {isa = PBXFileReference; explicitFileType = archive.ar; path = "libPods-TvMaze.a"; sourceTree = BUILT_PRODUCTS_DIR; };
		D99DDD5B2321A28D005F049D /* ShowDetailPresenter.swift */ = {isa = PBXFileReference; fileEncoding = 4; lastKnownFileType = sourcecode.swift; path = ShowDetailPresenter.swift; sourceTree = "<group>"; };
		D99DDD5C2321A28D005F049D /* ShowDetailProtocols.swift */ = {isa = PBXFileReference; fileEncoding = 4; lastKnownFileType = sourcecode.swift; path = ShowDetailProtocols.swift; sourceTree = "<group>"; };
		D99DDD5E2321A28D005F049D /* ShowDetailView.xib */ = {isa = PBXFileReference; fileEncoding = 4; lastKnownFileType = file.xib; path = ShowDetailView.xib; sourceTree = "<group>"; };
		D99DDD5F2321A28D005F049D /* ShowDetailView.swift */ = {isa = PBXFileReference; fileEncoding = 4; lastKnownFileType = sourcecode.swift; path = ShowDetailView.swift; sourceTree = "<group>"; };
		D99DDD602321A28D005F049D /* ShowDetailModule.swift */ = {isa = PBXFileReference; fileEncoding = 4; lastKnownFileType = sourcecode.swift; path = ShowDetailModule.swift; sourceTree = "<group>"; };
		D99DDD622321A28D005F049D /* ShowDetailInteractor.swift */ = {isa = PBXFileReference; fileEncoding = 4; lastKnownFileType = sourcecode.swift; path = ShowDetailInteractor.swift; sourceTree = "<group>"; };
		D99DDD642321A28D005F049D /* ShowDetailRouter.swift */ = {isa = PBXFileReference; fileEncoding = 4; lastKnownFileType = sourcecode.swift; path = ShowDetailRouter.swift; sourceTree = "<group>"; };
		D99DDD6C2321A809005F049D /* ShowDetailPresentable.swift */ = {isa = PBXFileReference; lastKnownFileType = sourcecode.swift; path = ShowDetailPresentable.swift; sourceTree = "<group>"; };
		D9B6A19723228C2600C24FFA /* Storyboard.storyboard */ = {isa = PBXFileReference; lastKnownFileType = file.storyboard; path = Storyboard.storyboard; sourceTree = "<group>"; };
		D9B6A19923229B1A00C24FFA /* Episode.swift */ = {isa = PBXFileReference; lastKnownFileType = sourcecode.swift; path = Episode.swift; sourceTree = "<group>"; };
		D9B6A1A02322A1AC00C24FFA /* EpisodePresentable.swift */ = {isa = PBXFileReference; lastKnownFileType = sourcecode.swift; path = EpisodePresentable.swift; sourceTree = "<group>"; };
		D9B6A1A72322A35100C24FFA /* EpisodeCell.swift */ = {isa = PBXFileReference; lastKnownFileType = sourcecode.swift; path = EpisodeCell.swift; sourceTree = "<group>"; };
		D9B6A1A82322A35100C24FFA /* EpisodeCell.xib */ = {isa = PBXFileReference; lastKnownFileType = file.xib; path = EpisodeCell.xib; sourceTree = "<group>"; };
		D9B6A1AC2322BA8700C24FFA /* ShowDetailRepository.swift */ = {isa = PBXFileReference; lastKnownFileType = sourcecode.swift; path = ShowDetailRepository.swift; sourceTree = "<group>"; };
		D9B6A1B02322CF5E00C24FFA /* ShowsRouter.swift */ = {isa = PBXFileReference; lastKnownFileType = sourcecode.swift; path = ShowsRouter.swift; sourceTree = "<group>"; };
		D9D7DBAA2326A8C800837B2D /* APIConfiguration.swift */ = {isa = PBXFileReference; lastKnownFileType = sourcecode.swift; path = APIConfiguration.swift; sourceTree = "<group>"; };
		D9D7DBAC2326A95100837B2D /* EpisodesRouter.swift */ = {isa = PBXFileReference; lastKnownFileType = sourcecode.swift; path = EpisodesRouter.swift; sourceTree = "<group>"; };
		D9DCB06E231FFA2B00724331 /* TvMaze.app */ = {isa = PBXFileReference; explicitFileType = wrapper.application; includeInIndex = 0; path = TvMaze.app; sourceTree = BUILT_PRODUCTS_DIR; };
		D9DCB071231FFA2B00724331 /* AppDelegate.swift */ = {isa = PBXFileReference; lastKnownFileType = sourcecode.swift; path = AppDelegate.swift; sourceTree = "<group>"; };
		D9DCB078231FFA2C00724331 /* Assets.xcassets */ = {isa = PBXFileReference; lastKnownFileType = folder.assetcatalog; path = Assets.xcassets; sourceTree = "<group>"; };
		D9DCB07B231FFA2C00724331 /* Base */ = {isa = PBXFileReference; lastKnownFileType = file.storyboard; name = Base; path = Base.lproj/LaunchScreen.storyboard; sourceTree = "<group>"; };
		D9DCB07D231FFA2C00724331 /* Info.plist */ = {isa = PBXFileReference; lastKnownFileType = text.plist.xml; path = Info.plist; sourceTree = "<group>"; };
		D9DCB0832320027900724331 /* ShowsRepository.swift */ = {isa = PBXFileReference; lastKnownFileType = sourcecode.swift; path = ShowsRepository.swift; sourceTree = "<group>"; };
		D9DCB0852320039D00724331 /* APIManager.swift */ = {isa = PBXFileReference; lastKnownFileType = sourcecode.swift; path = APIManager.swift; sourceTree = "<group>"; };
		D9DCB087232015D900724331 /* Show.swift */ = {isa = PBXFileReference; lastKnownFileType = sourcecode.swift; path = Show.swift; sourceTree = "<group>"; };
		D9DCB08923202D4C00724331 /* ViewController.swift */ = {isa = PBXFileReference; lastKnownFileType = sourcecode.swift; path = ViewController.swift; sourceTree = "<group>"; };
		E81CF5AA95EA35C56F58429A /* Pods-TvMazeTests.debug.xcconfig */ = {isa = PBXFileReference; includeInIndex = 1; lastKnownFileType = text.xcconfig; name = "Pods-TvMazeTests.debug.xcconfig"; path = "Target Support Files/Pods-TvMazeTests/Pods-TvMazeTests.debug.xcconfig"; sourceTree = "<group>"; };
		F21481784AB759F6A05030E0 /* libPods-TvMazeTests.a */ = {isa = PBXFileReference; explicitFileType = archive.ar; includeInIndex = 0; path = "libPods-TvMazeTests.a"; sourceTree = BUILT_PRODUCTS_DIR; };
		F5BF11F5699CF5AF66CC4924 /* libPods-TvMaze.a */ = {isa = PBXFileReference; explicitFileType = archive.ar; includeInIndex = 0; path = "libPods-TvMaze.a"; sourceTree = BUILT_PRODUCTS_DIR; };
/* End PBXFileReference section */

/* Begin PBXFrameworksBuildPhase section */
		D99DDD1F232156AB005F049D /* Frameworks */ = {
			isa = PBXFrameworksBuildPhase;
			buildActionMask = 2147483647;
			files = (
				43B76D65E54889AA17172762 /* libPods-TvMazeTests.a in Frameworks */,
			);
			runOnlyForDeploymentPostprocessing = 0;
		};
		D9DCB06B231FFA2B00724331 /* Frameworks */ = {
			isa = PBXFrameworksBuildPhase;
			buildActionMask = 2147483647;
			files = (
				39F7DC64E1CC9C99F71469BD /* libPods-TvMaze.a in Frameworks */,
			);
			runOnlyForDeploymentPostprocessing = 0;
		};
/* End PBXFrameworksBuildPhase section */

/* Begin PBXGroup section */
		700279D3344D2B2A476B4BEF /* Frameworks */ = {
			isa = PBXGroup;
			children = (
				D99DDD3E23219C9B005F049D /* libPods-TvMaze.a */,
				F5BF11F5699CF5AF66CC4924 /* libPods-TvMaze.a */,
				F21481784AB759F6A05030E0 /* libPods-TvMazeTests.a */,
			);
			name = Frameworks;
			sourceTree = "<group>";
		};
		C890275A4B33F9D65643EACC /* Pods */ = {
			isa = PBXGroup;
			children = (
				39A77E6C40431FED63343F37 /* Pods-TvMaze.debug.xcconfig */,
				05AEF95F30154FD16CFECC8E /* Pods-TvMaze.release.xcconfig */,
				E81CF5AA95EA35C56F58429A /* Pods-TvMazeTests.debug.xcconfig */,
				A23C1B6FD38A3A1A355D2750 /* Pods-TvMazeTests.release.xcconfig */,
			);
			path = Pods;
			sourceTree = "<group>";
		};
		D99DDCF623214590005F049D /* Shows */ = {
			isa = PBXGroup;
			children = (
				D9B6A1AB2322BA6D00C24FFA /* Repositories */,
				D9DCB08B23202E9300724331 /* Models */,
				D99DDD592321A28D005F049D /* ShowDetail */,
				D99DDD0B23214985005F049D /* ShowList */,
				D99DDCFE23214932005F049D /* Presentables */,
			);
			path = Shows;
			sourceTree = "<group>";
		};
		D99DDCFE23214932005F049D /* Presentables */ = {
			isa = PBXGroup;
			children = (
				D99DDD3623218E83005F049D /* ShowPresentable.swift */,
				D99DDD6C2321A809005F049D /* ShowDetailPresentable.swift */,
				D9B6A1A02322A1AC00C24FFA /* EpisodePresentable.swift */,
			);
			path = Presentables;
			sourceTree = "<group>";
		};
		D99DDD0B23214985005F049D /* ShowList */ = {
			isa = PBXGroup;
			children = (
				D99DDD0C23214985005F049D /* Presenter */,
				D99DDD0E23214985005F049D /* View */,
				D99DDD1123214985005F049D /* ShowLIstProtocols.swift */,
				D99DDD1223214985005F049D /* ShowLIstModule.swift */,
				D99DDD1323214985005F049D /* Interactor */,
				D99DDD1523214985005F049D /* Router */,
			);
			path = ShowList;
			sourceTree = "<group>";
		};
		D99DDD0C23214985005F049D /* Presenter */ = {
			isa = PBXGroup;
			children = (
				D99DDD0D23214985005F049D /* ShowLIstPresenter.swift */,
			);
			path = Presenter;
			sourceTree = "<group>";
		};
		D99DDD0E23214985005F049D /* View */ = {
			isa = PBXGroup;
			children = (
				D99DDD2C23217A9C005F049D /* Cell */,
				D99DDD0F23214985005F049D /* ShowLIstView.xib */,
				D99DDD1023214985005F049D /* ShowLIstView.swift */,
			);
			path = View;
			sourceTree = "<group>";
		};
		D99DDD1323214985005F049D /* Interactor */ = {
			isa = PBXGroup;
			children = (
				D99DDD1423214985005F049D /* ShowLIstInteractor.swift */,
			);
			path = Interactor;
			sourceTree = "<group>";
		};
		D99DDD1523214985005F049D /* Router */ = {
			isa = PBXGroup;
			children = (
				D99DDD1623214985005F049D /* ShowLIstRouter.swift */,
			);
			path = Router;
			sourceTree = "<group>";
		};
		D99DDD23232156AB005F049D /* TvMazeTests */ = {
			isa = PBXGroup;
			children = (
				D99DDD3823219002005F049D /* Shows */,
				D99DDD26232156AB005F049D /* Info.plist */,
			);
			path = TvMazeTests;
			sourceTree = "<group>";
		};
		D99DDD2C23217A9C005F049D /* Cell */ = {
			isa = PBXGroup;
			children = (
				D99DDD2D23217ABF005F049D /* ShowCell.swift */,
				D99DDD2E23217ABF005F049D /* ShowCell.xib */,
			);
			path = Cell;
			sourceTree = "<group>";
		};
		D99DDD31232189DB005F049D /* Extensions */ = {
			isa = PBXGroup;
			children = (
				D99DDD32232189EF005F049D /* UITableView.swift */,
				D99DDD3423218A61005F049D /* UITableViewCell.swift */,
			);
			path = Extensions;
			sourceTree = "<group>";
		};
		D99DDD3823219002005F049D /* Shows */ = {
			isa = PBXGroup;
			children = (
				D99DDD3923219006005F049D /* ShowList */,
			);
			path = Shows;
			sourceTree = "<group>";
		};
		D99DDD3923219006005F049D /* ShowList */ = {
			isa = PBXGroup;
			children = (
				D99DDD3C2321991E005F049D /* ShowListTest.swift */,
			);
			path = ShowList;
			sourceTree = "<group>";
		};
		D99DDD592321A28D005F049D /* ShowDetail */ = {
			isa = PBXGroup;
			children = (
				D99DDD5A2321A28D005F049D /* Presenter */,
				D99DDD5C2321A28D005F049D /* ShowDetailProtocols.swift */,
				D99DDD5D2321A28D005F049D /* View */,
				D99DDD602321A28D005F049D /* ShowDetailModule.swift */,
				D99DDD612321A28D005F049D /* Interactor */,
				D99DDD632321A28D005F049D /* Router */,
			);
			path = ShowDetail;
			sourceTree = "<group>";
		};
		D99DDD5A2321A28D005F049D /* Presenter */ = {
			isa = PBXGroup;
			children = (
				D99DDD5B2321A28D005F049D /* ShowDetailPresenter.swift */,
			);
			path = Presenter;
			sourceTree = "<group>";
		};
		D99DDD5D2321A28D005F049D /* View */ = {
			isa = PBXGroup;
			children = (
				D9B6A1A22322A2DE00C24FFA /* Cell */,
				D99DDD5E2321A28D005F049D /* ShowDetailView.xib */,
				D99DDD5F2321A28D005F049D /* ShowDetailView.swift */,
			);
			path = View;
			sourceTree = "<group>";
		};
		D99DDD612321A28D005F049D /* Interactor */ = {
			isa = PBXGroup;
			children = (
				D99DDD622321A28D005F049D /* ShowDetailInteractor.swift */,
			);
			path = Interactor;
			sourceTree = "<group>";
		};
		D99DDD632321A28D005F049D /* Router */ = {
			isa = PBXGroup;
			children = (
				D99DDD642321A28D005F049D /* ShowDetailRouter.swift */,
			);
			path = Router;
			sourceTree = "<group>";
		};
		D9B6A1A22322A2DE00C24FFA /* Cell */ = {
			isa = PBXGroup;
			children = (
				D9B6A1A72322A35100C24FFA /* EpisodeCell.swift */,
				D9B6A1A82322A35100C24FFA /* EpisodeCell.xib */,
			);
			path = Cell;
			sourceTree = "<group>";
		};
		D9B6A1AB2322BA6D00C24FFA /* Repositories */ = {
			isa = PBXGroup;
			children = (
				D9DCB0832320027900724331 /* ShowsRepository.swift */,
				D9B6A1AC2322BA8700C24FFA /* ShowDetailRepository.swift */,
			);
			path = Repositories;
			sourceTree = "<group>";
		};
		D9B6A1B22322D11D00C24FFA /* Commons */ = {
			isa = PBXGroup;
			children = (
				D9D7DBAE2326AB7800837B2D /* Routers */,
				D99DDCF2232136C1005F049D /* Constants.swift */,
			);
			path = Commons;
			sourceTree = "<group>";
		};
		D9D7DBAE2326AB7800837B2D /* Routers */ = {
			isa = PBXGroup;
			children = (
				D9D7DBAA2326A8C800837B2D /* APIConfiguration.swift */,
				D9D7DBAC2326A95100837B2D /* EpisodesRouter.swift */,
				D9B6A1B02322CF5E00C24FFA /* ShowsRouter.swift */,
			);
			path = Routers;
			sourceTree = "<group>";
		};
		D9DCB065231FFA2B00724331 = {
			isa = PBXGroup;
			children = (
				D9DCB070231FFA2B00724331 /* TvMaze */,
				D99DDD23232156AB005F049D /* TvMazeTests */,
				D9DCB06F231FFA2B00724331 /* Products */,
				C890275A4B33F9D65643EACC /* Pods */,
				700279D3344D2B2A476B4BEF /* Frameworks */,
			);
			sourceTree = "<group>";
		};
		D9DCB06F231FFA2B00724331 /* Products */ = {
			isa = PBXGroup;
			children = (
				D9DCB06E231FFA2B00724331 /* TvMaze.app */,
				D99DDD22232156AB005F049D /* TvMazeTests.xctest */,
			);
			name = Products;
			sourceTree = "<group>";
		};
		D9DCB070231FFA2B00724331 /* TvMaze */ = {
			isa = PBXGroup;
			children = (
				D9B6A1B22322D11D00C24FFA /* Commons */,
				D99DDD31232189DB005F049D /* Extensions */,
				D99DDCF623214590005F049D /* Shows */,
				D9DCB071231FFA2B00724331 /* AppDelegate.swift */,
				D9DCB078231FFA2C00724331 /* Assets.xcassets */,
				D9DCB07A231FFA2C00724331 /* LaunchScreen.storyboard */,
				D9DCB07D231FFA2C00724331 /* Info.plist */,
				D9DCB0852320039D00724331 /* APIManager.swift */,
				D9DCB08923202D4C00724331 /* ViewController.swift */,
				D9B6A19723228C2600C24FFA /* Storyboard.storyboard */,
			);
			path = TvMaze;
			sourceTree = "<group>";
		};
		D9DCB08B23202E9300724331 /* Models */ = {
			isa = PBXGroup;
			children = (
				D9DCB087232015D900724331 /* Show.swift */,
				D9B6A19923229B1A00C24FFA /* Episode.swift */,
			);
			path = Models;
			sourceTree = "<group>";
		};
/* End PBXGroup section */

/* Begin PBXNativeTarget section */
		D99DDD21232156AB005F049D /* TvMazeTests */ = {
			isa = PBXNativeTarget;
			buildConfigurationList = D99DDD29232156AB005F049D /* Build configuration list for PBXNativeTarget "TvMazeTests" */;
			buildPhases = (
				6FD7A9166EE9096D3830D3B0 /* [CP] Check Pods Manifest.lock */,
				D99DDD1E232156AB005F049D /* Sources */,
				D99DDD1F232156AB005F049D /* Frameworks */,
				D99DDD20232156AB005F049D /* Resources */,
			);
			buildRules = (
			);
			dependencies = (
				D99DDD28232156AB005F049D /* PBXTargetDependency */,
			);
			name = TvMazeTests;
			productName = TvMazeTests;
			productReference = D99DDD22232156AB005F049D /* TvMazeTests.xctest */;
			productType = "com.apple.product-type.bundle.unit-test";
		};
		D9DCB06D231FFA2B00724331 /* TvMaze */ = {
			isa = PBXNativeTarget;
			buildConfigurationList = D9DCB080231FFA2C00724331 /* Build configuration list for PBXNativeTarget "TvMaze" */;
			buildPhases = (
				719E595C61B5FF8A90A5CE73 /* [CP] Check Pods Manifest.lock */,
				D9DCB06A231FFA2B00724331 /* Sources */,
				D9DCB06B231FFA2B00724331 /* Frameworks */,
				D9DCB06C231FFA2B00724331 /* Resources */,
			);
			buildRules = (
			);
			dependencies = (
			);
			name = TvMaze;
			productName = TvMaze;
			productReference = D9DCB06E231FFA2B00724331 /* TvMaze.app */;
			productType = "com.apple.product-type.application";
		};
/* End PBXNativeTarget section */

/* Begin PBXProject section */
		D9DCB066231FFA2B00724331 /* Project object */ = {
			isa = PBXProject;
			attributes = {
				LastSwiftUpdateCheck = 1030;
				LastUpgradeCheck = 1030;
				ORGANIZATIONNAME = "Josefina Perez";
				TargetAttributes = {
					D99DDD21232156AB005F049D = {
						CreatedOnToolsVersion = 10.3;
						LastSwiftMigration = 1030;
						TestTargetID = D9DCB06D231FFA2B00724331;
					};
					D9DCB06D231FFA2B00724331 = {
						CreatedOnToolsVersion = 10.3;
						LastSwiftMigration = 1030;
					};
				};
			};
			buildConfigurationList = D9DCB069231FFA2B00724331 /* Build configuration list for PBXProject "TvMaze" */;
			compatibilityVersion = "Xcode 9.3";
			developmentRegion = en;
			hasScannedForEncodings = 0;
			knownRegions = (
				en,
				Base,
			);
			mainGroup = D9DCB065231FFA2B00724331;
			productRefGroup = D9DCB06F231FFA2B00724331 /* Products */;
			projectDirPath = "";
			projectRoot = "";
			targets = (
				D9DCB06D231FFA2B00724331 /* TvMaze */,
				D99DDD21232156AB005F049D /* TvMazeTests */,
			);
		};
/* End PBXProject section */

/* Begin PBXResourcesBuildPhase section */
		D99DDD20232156AB005F049D /* Resources */ = {
			isa = PBXResourcesBuildPhase;
			buildActionMask = 2147483647;
			files = (
			);
			runOnlyForDeploymentPostprocessing = 0;
		};
		D9DCB06C231FFA2B00724331 /* Resources */ = {
			isa = PBXResourcesBuildPhase;
			buildActionMask = 2147483647;
			files = (
				D9DCB07C231FFA2C00724331 /* LaunchScreen.storyboard in Resources */,
				D9B6A1AA2322A35100C24FFA /* EpisodeCell.xib in Resources */,
				D99DDD1823214985005F049D /* ShowLIstView.xib in Resources */,
				D99DDD3023217ABF005F049D /* ShowCell.xib in Resources */,
				D99DDD672321A28D005F049D /* ShowDetailView.xib in Resources */,
				D9DCB079231FFA2C00724331 /* Assets.xcassets in Resources */,
				D9B6A19823228C2600C24FFA /* Storyboard.storyboard in Resources */,
			);
			runOnlyForDeploymentPostprocessing = 0;
		};
/* End PBXResourcesBuildPhase section */

/* Begin PBXShellScriptBuildPhase section */
		6FD7A9166EE9096D3830D3B0 /* [CP] Check Pods Manifest.lock */ = {
			isa = PBXShellScriptBuildPhase;
			buildActionMask = 2147483647;
			files = (
			);
			inputFileListPaths = (
			);
			inputPaths = (
				"${PODS_PODFILE_DIR_PATH}/Podfile.lock",
				"${PODS_ROOT}/Manifest.lock",
			);
			name = "[CP] Check Pods Manifest.lock";
			outputFileListPaths = (
			);
			outputPaths = (
				"$(DERIVED_FILE_DIR)/Pods-TvMazeTests-checkManifestLockResult.txt",
			);
			runOnlyForDeploymentPostprocessing = 0;
			shellPath = /bin/sh;
			shellScript = "diff \"${PODS_PODFILE_DIR_PATH}/Podfile.lock\" \"${PODS_ROOT}/Manifest.lock\" > /dev/null\nif [ $? != 0 ] ; then\n    # print error to STDERR\n    echo \"error: The sandbox is not in sync with the Podfile.lock. Run 'pod install' or update your CocoaPods installation.\" >&2\n    exit 1\nfi\n# This output is used by Xcode 'outputs' to avoid re-running this script phase.\necho \"SUCCESS\" > \"${SCRIPT_OUTPUT_FILE_0}\"\n";
			showEnvVarsInLog = 0;
		};
		719E595C61B5FF8A90A5CE73 /* [CP] Check Pods Manifest.lock */ = {
			isa = PBXShellScriptBuildPhase;
			buildActionMask = 2147483647;
			files = (
			);
			inputFileListPaths = (
			);
			inputPaths = (
				"${PODS_PODFILE_DIR_PATH}/Podfile.lock",
				"${PODS_ROOT}/Manifest.lock",
			);
			name = "[CP] Check Pods Manifest.lock";
			outputFileListPaths = (
			);
			outputPaths = (
				"$(DERIVED_FILE_DIR)/Pods-TvMaze-checkManifestLockResult.txt",
			);
			runOnlyForDeploymentPostprocessing = 0;
			shellPath = /bin/sh;
			shellScript = "diff \"${PODS_PODFILE_DIR_PATH}/Podfile.lock\" \"${PODS_ROOT}/Manifest.lock\" > /dev/null\nif [ $? != 0 ] ; then\n    # print error to STDERR\n    echo \"error: The sandbox is not in sync with the Podfile.lock. Run 'pod install' or update your CocoaPods installation.\" >&2\n    exit 1\nfi\n# This output is used by Xcode 'outputs' to avoid re-running this script phase.\necho \"SUCCESS\" > \"${SCRIPT_OUTPUT_FILE_0}\"\n";
			showEnvVarsInLog = 0;
		};
/* End PBXShellScriptBuildPhase section */

/* Begin PBXSourcesBuildPhase section */
		D99DDD1E232156AB005F049D /* Sources */ = {
			isa = PBXSourcesBuildPhase;
			buildActionMask = 2147483647;
			files = (
				D99DDD3D2321991E005F049D /* ShowListTest.swift in Sources */,
			);
			runOnlyForDeploymentPostprocessing = 0;
		};
		D9DCB06A231FFA2B00724331 /* Sources */ = {
			isa = PBXSourcesBuildPhase;
			buildActionMask = 2147483647;
			files = (
				D9B6A1AD2322BA8700C24FFA /* ShowDetailRepository.swift in Sources */,
				D99DDD1923214985005F049D /* ShowLIstView.swift in Sources */,
				D99DDD3723218E83005F049D /* ShowPresentable.swift in Sources */,
				D99DDD1D23214985005F049D /* ShowLIstRouter.swift in Sources */,
				D9DCB08A23202D4C00724331 /* ViewController.swift in Sources */,
				D99DDD6A2321A28D005F049D /* ShowDetailInteractor.swift in Sources */,
				D9DCB0862320039D00724331 /* APIManager.swift in Sources */,
				D99DDCF3232136C1005F049D /* Constants.swift in Sources */,
				D99DDD692321A28D005F049D /* ShowDetailModule.swift in Sources */,
				D99DDD1C23214985005F049D /* ShowLIstInteractor.swift in Sources */,
				D99DDD3523218A61005F049D /* UITableViewCell.swift in Sources */,
				D99DDD1B23214985005F049D /* ShowLIstModule.swift in Sources */,
				D99DDD1A23214985005F049D /* ShowLIstProtocols.swift in Sources */,
				D9B6A1A12322A1AC00C24FFA /* EpisodePresentable.swift in Sources */,
				D9B6A1A92322A35100C24FFA /* EpisodeCell.swift in Sources */,
				D9D7DBAB2326A8C800837B2D /* APIConfiguration.swift in Sources */,
				D9B6A19A23229B1A00C24FFA /* Episode.swift in Sources */,
				D99DDD682321A28D005F049D /* ShowDetailView.swift in Sources */,
				D99DDD662321A28D005F049D /* ShowDetailProtocols.swift in Sources */,
				D99DDD1723214985005F049D /* ShowLIstPresenter.swift in Sources */,
				D9B6A1B12322CF5E00C24FFA /* ShowsRouter.swift in Sources */,
				D9DCB072231FFA2B00724331 /* AppDelegate.swift in Sources */,
				D99DDD6B2321A28D005F049D /* ShowDetailRouter.swift in Sources */,
				D9DCB088232015D900724331 /* Show.swift in Sources */,
				D9D7DBAD2326A95100837B2D /* EpisodesRouter.swift in Sources */,
				D99DDD652321A28D005F049D /* ShowDetailPresenter.swift in Sources */,
				D99DDD33232189EF005F049D /* UITableView.swift in Sources */,
				D9DCB0842320027900724331 /* ShowsRepository.swift in Sources */,
				D99DDD2F23217ABF005F049D /* ShowCell.swift in Sources */,
				D99DDD6D2321A809005F049D /* ShowDetailPresentable.swift in Sources */,
			);
			runOnlyForDeploymentPostprocessing = 0;
		};
/* End PBXSourcesBuildPhase section */

/* Begin PBXTargetDependency section */
		D99DDD28232156AB005F049D /* PBXTargetDependency */ = {
			isa = PBXTargetDependency;
			target = D9DCB06D231FFA2B00724331 /* TvMaze */;
			targetProxy = D99DDD27232156AB005F049D /* PBXContainerItemProxy */;
		};
/* End PBXTargetDependency section */

/* Begin PBXVariantGroup section */
		D9DCB07A231FFA2C00724331 /* LaunchScreen.storyboard */ = {
			isa = PBXVariantGroup;
			children = (
				D9DCB07B231FFA2C00724331 /* Base */,
			);
			name = LaunchScreen.storyboard;
			sourceTree = "<group>";
		};
/* End PBXVariantGroup section */

/* Begin XCBuildConfiguration section */
		D99DDD2A232156AB005F049D /* Debug */ = {
			isa = XCBuildConfiguration;
			baseConfigurationReference = E81CF5AA95EA35C56F58429A /* Pods-TvMazeTests.debug.xcconfig */;
			buildSettings = {
				BUNDLE_LOADER = "$(TEST_HOST)";
				CLANG_ENABLE_MODULES = YES;
				CODE_SIGN_STYLE = Automatic;
				INFOPLIST_FILE = TvMazeTests/Info.plist;
				LD_RUNPATH_SEARCH_PATHS = (
					"$(inherited)",
					"@executable_path/Frameworks",
					"@loader_path/Frameworks",
				);
				PRODUCT_BUNDLE_IDENTIFIER = Uala.TvMazeTests;
				PRODUCT_NAME = "$(TARGET_NAME)";
				SWIFT_OPTIMIZATION_LEVEL = "-Onone";
				SWIFT_VERSION = 5.0;
				TARGETED_DEVICE_FAMILY = "1,2";
				TEST_HOST = "$(BUILT_PRODUCTS_DIR)/TvMaze.app/TvMaze";
			};
			name = Debug;
		};
		D99DDD2B232156AB005F049D /* Release */ = {
			isa = XCBuildConfiguration;
			baseConfigurationReference = A23C1B6FD38A3A1A355D2750 /* Pods-TvMazeTests.release.xcconfig */;
			buildSettings = {
				BUNDLE_LOADER = "$(TEST_HOST)";
				CLANG_ENABLE_MODULES = YES;
				CODE_SIGN_STYLE = Automatic;
				INFOPLIST_FILE = TvMazeTests/Info.plist;
				LD_RUNPATH_SEARCH_PATHS = (
					"$(inherited)",
					"@executable_path/Frameworks",
					"@loader_path/Frameworks",
				);
				PRODUCT_BUNDLE_IDENTIFIER = Uala.TvMazeTests;
				PRODUCT_NAME = "$(TARGET_NAME)";
				SWIFT_VERSION = 5.0;
				TARGETED_DEVICE_FAMILY = "1,2";
				TEST_HOST = "$(BUILT_PRODUCTS_DIR)/TvMaze.app/TvMaze";
			};
			name = Release;
		};
		D9DCB07E231FFA2C00724331 /* Debug */ = {
			isa = XCBuildConfiguration;
			buildSettings = {
				ALWAYS_SEARCH_USER_PATHS = NO;
				CLANG_ANALYZER_NONNULL = YES;
				CLANG_ANALYZER_NUMBER_OBJECT_CONVERSION = YES_AGGRESSIVE;
				CLANG_CXX_LANGUAGE_STANDARD = "gnu++14";
				CLANG_CXX_LIBRARY = "libc++";
				CLANG_ENABLE_MODULES = YES;
				CLANG_ENABLE_OBJC_ARC = YES;
				CLANG_ENABLE_OBJC_WEAK = YES;
				CLANG_WARN_BLOCK_CAPTURE_AUTORELEASING = YES;
				CLANG_WARN_BOOL_CONVERSION = YES;
				CLANG_WARN_COMMA = YES;
				CLANG_WARN_CONSTANT_CONVERSION = YES;
				CLANG_WARN_DEPRECATED_OBJC_IMPLEMENTATIONS = YES;
				CLANG_WARN_DIRECT_OBJC_ISA_USAGE = YES_ERROR;
				CLANG_WARN_DOCUMENTATION_COMMENTS = YES;
				CLANG_WARN_EMPTY_BODY = YES;
				CLANG_WARN_ENUM_CONVERSION = YES;
				CLANG_WARN_INFINITE_RECURSION = YES;
				CLANG_WARN_INT_CONVERSION = YES;
				CLANG_WARN_NON_LITERAL_NULL_CONVERSION = YES;
				CLANG_WARN_OBJC_IMPLICIT_RETAIN_SELF = YES;
				CLANG_WARN_OBJC_LITERAL_CONVERSION = YES;
				CLANG_WARN_OBJC_ROOT_CLASS = YES_ERROR;
				CLANG_WARN_RANGE_LOOP_ANALYSIS = YES;
				CLANG_WARN_STRICT_PROTOTYPES = YES;
				CLANG_WARN_SUSPICIOUS_MOVE = YES;
				CLANG_WARN_UNGUARDED_AVAILABILITY = YES_AGGRESSIVE;
				CLANG_WARN_UNREACHABLE_CODE = YES;
				CLANG_WARN__DUPLICATE_METHOD_MATCH = YES;
				CODE_SIGN_IDENTITY = "iPhone Developer";
				COPY_PHASE_STRIP = NO;
				DEBUG_INFORMATION_FORMAT = dwarf;
				ENABLE_STRICT_OBJC_MSGSEND = YES;
				ENABLE_TESTABILITY = YES;
				GCC_C_LANGUAGE_STANDARD = gnu11;
				GCC_DYNAMIC_NO_PIC = NO;
				GCC_NO_COMMON_BLOCKS = YES;
				GCC_OPTIMIZATION_LEVEL = 0;
				GCC_PREPROCESSOR_DEFINITIONS = (
					"DEBUG=1",
					"$(inherited)",
				);
				GCC_WARN_64_TO_32_BIT_CONVERSION = YES;
				GCC_WARN_ABOUT_RETURN_TYPE = YES_ERROR;
				GCC_WARN_UNDECLARED_SELECTOR = YES;
				GCC_WARN_UNINITIALIZED_AUTOS = YES_AGGRESSIVE;
				GCC_WARN_UNUSED_FUNCTION = YES;
				GCC_WARN_UNUSED_VARIABLE = YES;
				IPHONEOS_DEPLOYMENT_TARGET = 12.4;
				MTL_ENABLE_DEBUG_INFO = INCLUDE_SOURCE;
				MTL_FAST_MATH = YES;
				ONLY_ACTIVE_ARCH = YES;
				SDKROOT = iphoneos;
				SWIFT_ACTIVE_COMPILATION_CONDITIONS = DEBUG;
				SWIFT_OPTIMIZATION_LEVEL = "-Onone";
			};
			name = Debug;
		};
		D9DCB07F231FFA2C00724331 /* Release */ = {
			isa = XCBuildConfiguration;
			buildSettings = {
				ALWAYS_SEARCH_USER_PATHS = NO;
				CLANG_ANALYZER_NONNULL = YES;
				CLANG_ANALYZER_NUMBER_OBJECT_CONVERSION = YES_AGGRESSIVE;
				CLANG_CXX_LANGUAGE_STANDARD = "gnu++14";
				CLANG_CXX_LIBRARY = "libc++";
				CLANG_ENABLE_MODULES = YES;
				CLANG_ENABLE_OBJC_ARC = YES;
				CLANG_ENABLE_OBJC_WEAK = YES;
				CLANG_WARN_BLOCK_CAPTURE_AUTORELEASING = YES;
				CLANG_WARN_BOOL_CONVERSION = YES;
				CLANG_WARN_COMMA = YES;
				CLANG_WARN_CONSTANT_CONVERSION = YES;
				CLANG_WARN_DEPRECATED_OBJC_IMPLEMENTATIONS = YES;
				CLANG_WARN_DIRECT_OBJC_ISA_USAGE = YES_ERROR;
				CLANG_WARN_DOCUMENTATION_COMMENTS = YES;
				CLANG_WARN_EMPTY_BODY = YES;
				CLANG_WARN_ENUM_CONVERSION = YES;
				CLANG_WARN_INFINITE_RECURSION = YES;
				CLANG_WARN_INT_CONVERSION = YES;
				CLANG_WARN_NON_LITERAL_NULL_CONVERSION = YES;
				CLANG_WARN_OBJC_IMPLICIT_RETAIN_SELF = YES;
				CLANG_WARN_OBJC_LITERAL_CONVERSION = YES;
				CLANG_WARN_OBJC_ROOT_CLASS = YES_ERROR;
				CLANG_WARN_RANGE_LOOP_ANALYSIS = YES;
				CLANG_WARN_STRICT_PROTOTYPES = YES;
				CLANG_WARN_SUSPICIOUS_MOVE = YES;
				CLANG_WARN_UNGUARDED_AVAILABILITY = YES_AGGRESSIVE;
				CLANG_WARN_UNREACHABLE_CODE = YES;
				CLANG_WARN__DUPLICATE_METHOD_MATCH = YES;
				CODE_SIGN_IDENTITY = "iPhone Developer";
				COPY_PHASE_STRIP = NO;
				DEBUG_INFORMATION_FORMAT = "dwarf-with-dsym";
				ENABLE_NS_ASSERTIONS = NO;
				ENABLE_STRICT_OBJC_MSGSEND = YES;
				GCC_C_LANGUAGE_STANDARD = gnu11;
				GCC_NO_COMMON_BLOCKS = YES;
				GCC_WARN_64_TO_32_BIT_CONVERSION = YES;
				GCC_WARN_ABOUT_RETURN_TYPE = YES_ERROR;
				GCC_WARN_UNDECLARED_SELECTOR = YES;
				GCC_WARN_UNINITIALIZED_AUTOS = YES_AGGRESSIVE;
				GCC_WARN_UNUSED_FUNCTION = YES;
				GCC_WARN_UNUSED_VARIABLE = YES;
				IPHONEOS_DEPLOYMENT_TARGET = 12.4;
				MTL_ENABLE_DEBUG_INFO = NO;
				MTL_FAST_MATH = YES;
				SDKROOT = iphoneos;
				SWIFT_COMPILATION_MODE = wholemodule;
				SWIFT_OPTIMIZATION_LEVEL = "-O";
				VALIDATE_PRODUCT = YES;
			};
			name = Release;
		};
		D9DCB081231FFA2C00724331 /* Debug */ = {
			isa = XCBuildConfiguration;
			baseConfigurationReference = 39A77E6C40431FED63343F37 /* Pods-TvMaze.debug.xcconfig */;
			buildSettings = {
				ASSETCATALOG_COMPILER_APPICON_NAME = AppIcon;
				CLANG_ENABLE_MODULES = YES;
				CODE_SIGN_STYLE = Automatic;
				INFOPLIST_FILE = TvMaze/Info.plist;
				LD_RUNPATH_SEARCH_PATHS = (
					"$(inherited)",
					"@executable_path/Frameworks",
				);
				PRODUCT_BUNDLE_IDENTIFIER = Uala.TvMaze;
				PRODUCT_NAME = "$(TARGET_NAME)";
				SWIFT_OPTIMIZATION_LEVEL = "-Onone";
				SWIFT_VERSION = 5.0;
				TARGETED_DEVICE_FAMILY = "1,2";
			};
			name = Debug;
		};
		D9DCB082231FFA2C00724331 /* Release */ = {
			isa = XCBuildConfiguration;
			baseConfigurationReference = 05AEF95F30154FD16CFECC8E /* Pods-TvMaze.release.xcconfig */;
			buildSettings = {
				ASSETCATALOG_COMPILER_APPICON_NAME = AppIcon;
				CLANG_ENABLE_MODULES = YES;
				CODE_SIGN_STYLE = Automatic;
				INFOPLIST_FILE = TvMaze/Info.plist;
				LD_RUNPATH_SEARCH_PATHS = (
					"$(inherited)",
					"@executable_path/Frameworks",
				);
				PRODUCT_BUNDLE_IDENTIFIER = Uala.TvMaze;
				PRODUCT_NAME = "$(TARGET_NAME)";
				SWIFT_VERSION = 5.0;
				TARGETED_DEVICE_FAMILY = "1,2";
			};
			name = Release;
		};
/* End XCBuildConfiguration section */

/* Begin XCConfigurationList section */
		D99DDD29232156AB005F049D /* Build configuration list for PBXNativeTarget "TvMazeTests" */ = {
			isa = XCConfigurationList;
			buildConfigurations = (
				D99DDD2A232156AB005F049D /* Debug */,
				D99DDD2B232156AB005F049D /* Release */,
			);
			defaultConfigurationIsVisible = 0;
			defaultConfigurationName = Release;
		};
		D9DCB069231FFA2B00724331 /* Build configuration list for PBXProject "TvMaze" */ = {
			isa = XCConfigurationList;
			buildConfigurations = (
				D9DCB07E231FFA2C00724331 /* Debug */,
				D9DCB07F231FFA2C00724331 /* Release */,
			);
			defaultConfigurationIsVisible = 0;
			defaultConfigurationName = Release;
		};
		D9DCB080231FFA2C00724331 /* Build configuration list for PBXNativeTarget "TvMaze" */ = {
			isa = XCConfigurationList;
			buildConfigurations = (
				D9DCB081231FFA2C00724331 /* Debug */,
				D9DCB082231FFA2C00724331 /* Release */,
			);
			defaultConfigurationIsVisible = 0;
			defaultConfigurationName = Release;
		};
/* End XCConfigurationList section */
	};
	rootObject = D9DCB066231FFA2B00724331 /* Project object */;
}
